
Microsoft Visual Studio Solution File, Format Version 12.00
# Visual Studio Version 16
VisualStudioVersion = 16.0.30804.86
MinimumVisualStudioVersion = 10.0.40219.1
Project("{FAE04EC0-301F-11D3-BF4B-00C04F79EFBC}") = "Image App 2", "Image App 2.csproj", "{0611F253-1FD9-4B21-9164-E54AE0A10FB3}"
EndProject
Global
	GlobalSection(SolutionConfigurationPlatforms) = preSolution
		Debug|Any CPU = Debug|Any CPU
		Release|Any CPU = Release|Any CPU
	EndGlobalSection
	GlobalSection(ProjectConfigurationPlatforms) = postSolution
		{0611F253-1FD9-4B21-9164-E54AE0A10FB3}.Debug|Any CPU.ActiveCfg = Debug|Any CPU
		{0611F253-1FD9-4B21-9164-E54AE0A10FB3}.Debug|Any CPU.Build.0 = Debug|Any CPU
		{0611F253-1FD9-4B21-9164-E54AE0A10FB3}.Release|Any CPU.ActiveCfg = Release|Any CPU
		{0611F253-1FD9-4B21-9164-E54AE0A10FB3}.Release|Any CPU.Build.0 = Release|Any CPU
	EndGlobalSection
	GlobalSection(SolutionProperties) = preSolution
		HideSolutionNode = FALSE
	EndGlobalSection
	GlobalSection(ExtensibilityGlobals) = postSolution
		SolutionGuid = {A1E65098-1DD4-4889-B396-D78D56569728}
	EndGlobalSection
EndGlobal
